// !$*UTF8*$!
{
	archiveVersion = 1;
	classes = {
	};
	objectVersion = 56;
	objects = {

/* Begin PBXBuildFile section */
		EF45A0872B0C831D001FB647 /* AppDelegate.swift in Sources */ = {isa = PBXBuildFile; fileRef = EF45A0862B0C831D001FB647 /* AppDelegate.swift */; };
		EF45A0892B0C831D001FB647 /* SceneDelegate.swift in Sources */ = {isa = PBXBuildFile; fileRef = EF45A0882B0C831D001FB647 /* SceneDelegate.swift */; };
		EF45A08B2B0C831D001FB647 /* ViewController.swift in Sources */ = {isa = PBXBuildFile; fileRef = EF45A08A2B0C831D001FB647 /* ViewController.swift */; };
		EF45A08E2B0C831D001FB647 /* Main.storyboard in Resources */ = {isa = PBXBuildFile; fileRef = EF45A08C2B0C831D001FB647 /* Main.storyboard */; };
		EF45A0902B0C831F001FB647 /* Assets.xcassets in Resources */ = {isa = PBXBuildFile; fileRef = EF45A08F2B0C831F001FB647 /* Assets.xcassets */; };
		EF45A0932B0C831F001FB647 /* LaunchScreen.storyboard in Resources */ = {isa = PBXBuildFile; fileRef = EF45A0912B0C831F001FB647 /* LaunchScreen.storyboard */; };
		EF45A09E2B0C831F001FB647 /* MicroservicesApplicationTests.swift in Sources */ = {isa = PBXBuildFile; fileRef = EF45A09D2B0C831F001FB647 /* MicroservicesApplicationTests.swift */; };
		EF45A0A82B0C831F001FB647 /* MicroservicesApplicationUITests.swift in Sources */ = {isa = PBXBuildFile; fileRef = EF45A0A72B0C831F001FB647 /* MicroservicesApplicationUITests.swift */; };
		EF45A0AA2B0C831F001FB647 /* MicroservicesApplicationUITestsLaunchTests.swift in Sources */ = {isa = PBXBuildFile; fileRef = EF45A0A92B0C831F001FB647 /* MicroservicesApplicationUITestsLaunchTests.swift */; };
		EF45A0B82B0C83B2001FB647 /* Factory in Frameworks */ = {isa = PBXBuildFile; productRef = EF45A0B72B0C83B2001FB647 /* Factory */; };
		EF45A0BB2B0C845E001FB647 /* UserStroageProtocol.swift in Sources */ = {isa = PBXBuildFile; fileRef = EF45A0BA2B0C845E001FB647 /* UserStroageProtocol.swift */; };
		EF45A0BD2B0C88A7001FB647 /* TokenValidatorProtocol.swift in Sources */ = {isa = PBXBuildFile; fileRef = EF45A0BC2B0C88A7001FB647 /* TokenValidatorProtocol.swift */; };
		EF45A0BF2B0C9346001FB647 /* APIEngine.swift in Sources */ = {isa = PBXBuildFile; fileRef = EF45A0BE2B0C9346001FB647 /* APIEngine.swift */; };
		EF45A0C12B0C956A001FB647 /* ServiceError.swift in Sources */ = {isa = PBXBuildFile; fileRef = EF45A0C02B0C956A001FB647 /* ServiceError.swift */; };
		EF45A0C32B0C9609001FB647 /* CameraListService.swift in Sources */ = {isa = PBXBuildFile; fileRef = EF45A0C22B0C9609001FB647 /* CameraListService.swift */; };
		EF45A0C62B0C9B4D001FB647 /* ProxyContainer.swift in Sources */ = {isa = PBXBuildFile; fileRef = EF45A0C52B0C9B4D001FB647 /* ProxyContainer.swift */; };
/* End PBXBuildFile section */

/* Begin PBXContainerItemProxy section */
		EF45A09A2B0C831F001FB647 /* PBXContainerItemProxy */ = {
			isa = PBXContainerItemProxy;
			containerPortal = EF45A07B2B0C831D001FB647 /* Project object */;
			proxyType = 1;
			remoteGlobalIDString = EF45A0822B0C831D001FB647;
			remoteInfo = MicroservicesApplication;
		};
		EF45A0A42B0C831F001FB647 /* PBXContainerItemProxy */ = {
			isa = PBXContainerItemProxy;
			containerPortal = EF45A07B2B0C831D001FB647 /* Project object */;
			proxyType = 1;
			remoteGlobalIDString = EF45A0822B0C831D001FB647;
			remoteInfo = MicroservicesApplication;
		};
/* End PBXContainerItemProxy section */

/* Begin PBXFileReference section */
		EF45A0832B0C831D001FB647 /* MicroservicesApplication.app */ = {isa = PBXFileReference; explicitFileType = wrapper.application; includeInIndex = 0; path = MicroservicesApplication.app; sourceTree = BUILT_PRODUCTS_DIR; };
		EF45A0862B0C831D001FB647 /* AppDelegate.swift */ = {isa = PBXFileReference; lastKnownFileType = sourcecode.swift; path = AppDelegate.swift; sourceTree = "<group>"; };
		EF45A0882B0C831D001FB647 /* SceneDelegate.swift */ = {isa = PBXFileReference; lastKnownFileType = sourcecode.swift; path = SceneDelegate.swift; sourceTree = "<group>"; };
		EF45A08A2B0C831D001FB647 /* ViewController.swift */ = {isa = PBXFileReference; lastKnownFileType = sourcecode.swift; path = ViewController.swift; sourceTree = "<group>"; };
		EF45A08D2B0C831D001FB647 /* Base */ = {isa = PBXFileReference; lastKnownFileType = file.storyboard; name = Base; path = Base.lproj/Main.storyboard; sourceTree = "<group>"; };
		EF45A08F2B0C831F001FB647 /* Assets.xcassets */ = {isa = PBXFileReference; lastKnownFileType = folder.assetcatalog; path = Assets.xcassets; sourceTree = "<group>"; };
		EF45A0922B0C831F001FB647 /* Base */ = {isa = PBXFileReference; lastKnownFileType = file.storyboard; name = Base; path = Base.lproj/LaunchScreen.storyboard; sourceTree = "<group>"; };
		EF45A0942B0C831F001FB647 /* Info.plist */ = {isa = PBXFileReference; lastKnownFileType = text.plist.xml; path = Info.plist; sourceTree = "<group>"; };
		EF45A0992B0C831F001FB647 /* MicroservicesApplicationTests.xctest */ = {isa = PBXFileReference; explicitFileType = wrapper.cfbundle; includeInIndex = 0; path = MicroservicesApplicationTests.xctest; sourceTree = BUILT_PRODUCTS_DIR; };
		EF45A09D2B0C831F001FB647 /* MicroservicesApplicationTests.swift */ = {isa = PBXFileReference; lastKnownFileType = sourcecode.swift; path = MicroservicesApplicationTests.swift; sourceTree = "<group>"; };
		EF45A0A32B0C831F001FB647 /* MicroservicesApplicationUITests.xctest */ = {isa = PBXFileReference; explicitFileType = wrapper.cfbundle; includeInIndex = 0; path = MicroservicesApplicationUITests.xctest; sourceTree = BUILT_PRODUCTS_DIR; };
		EF45A0A72B0C831F001FB647 /* MicroservicesApplicationUITests.swift */ = {isa = PBXFileReference; lastKnownFileType = sourcecode.swift; path = MicroservicesApplicationUITests.swift; sourceTree = "<group>"; };
		EF45A0A92B0C831F001FB647 /* MicroservicesApplicationUITestsLaunchTests.swift */ = {isa = PBXFileReference; lastKnownFileType = sourcecode.swift; path = MicroservicesApplicationUITestsLaunchTests.swift; sourceTree = "<group>"; };
		EF45A0BA2B0C845E001FB647 /* UserStroageProtocol.swift */ = {isa = PBXFileReference; lastKnownFileType = sourcecode.swift; path = UserStroageProtocol.swift; sourceTree = "<group>"; };
		EF45A0BC2B0C88A7001FB647 /* TokenValidatorProtocol.swift */ = {isa = PBXFileReference; lastKnownFileType = sourcecode.swift; path = TokenValidatorProtocol.swift; sourceTree = "<group>"; };
		EF45A0BE2B0C9346001FB647 /* APIEngine.swift */ = {isa = PBXFileReference; lastKnownFileType = sourcecode.swift; path = APIEngine.swift; sourceTree = "<group>"; };
		EF45A0C02B0C956A001FB647 /* ServiceError.swift */ = {isa = PBXFileReference; lastKnownFileType = sourcecode.swift; path = ServiceError.swift; sourceTree = "<group>"; };
		EF45A0C22B0C9609001FB647 /* CameraListService.swift */ = {isa = PBXFileReference; lastKnownFileType = sourcecode.swift; path = CameraListService.swift; sourceTree = "<group>"; };
		EF45A0C52B0C9B4D001FB647 /* ProxyContainer.swift */ = {isa = PBXFileReference; lastKnownFileType = sourcecode.swift; path = ProxyContainer.swift; sourceTree = "<group>"; };
/* End PBXFileReference section */

/* Begin PBXFrameworksBuildPhase section */
		EF45A0802B0C831D001FB647 /* Frameworks */ = {
			isa = PBXFrameworksBuildPhase;
			buildActionMask = 2147483647;
			files = (
				EF45A0B82B0C83B2001FB647 /* Factory in Frameworks */,
			);
			runOnlyForDeploymentPostprocessing = 0;
		};
		EF45A0962B0C831F001FB647 /* Frameworks */ = {
			isa = PBXFrameworksBuildPhase;
			buildActionMask = 2147483647;
			files = (
			);
			runOnlyForDeploymentPostprocessing = 0;
		};
		EF45A0A02B0C831F001FB647 /* Frameworks */ = {
			isa = PBXFrameworksBuildPhase;
			buildActionMask = 2147483647;
			files = (
			);
			runOnlyForDeploymentPostprocessing = 0;
		};
/* End PBXFrameworksBuildPhase section */

/* Begin PBXGroup section */
		EF45A07A2B0C831D001FB647 = {
			isa = PBXGroup;
			children = (
				EF45A0852B0C831D001FB647 /* MicroservicesApplication */,
				EF45A09C2B0C831F001FB647 /* MicroservicesApplicationTests */,
				EF45A0A62B0C831F001FB647 /* MicroservicesApplicationUITests */,
				EF45A0842B0C831D001FB647 /* Products */,
			);
			sourceTree = "<group>";
		};
		EF45A0842B0C831D001FB647 /* Products */ = {
			isa = PBXGroup;
			children = (
				EF45A0832B0C831D001FB647 /* MicroservicesApplication.app */,
				EF45A0992B0C831F001FB647 /* MicroservicesApplicationTests.xctest */,
				EF45A0A32B0C831F001FB647 /* MicroservicesApplicationUITests.xctest */,
			);
			name = Products;
			sourceTree = "<group>";
		};
		EF45A0852B0C831D001FB647 /* MicroservicesApplication */ = {
			isa = PBXGroup;
			children = (
				EF45A0C42B0C9B3E001FB647 /* Proxy */,
				EF45A0B92B0C8450001FB647 /* Services */,
				EF45A0862B0C831D001FB647 /* AppDelegate.swift */,
				EF45A0882B0C831D001FB647 /* SceneDelegate.swift */,
				EF45A08A2B0C831D001FB647 /* ViewController.swift */,
				EF45A08C2B0C831D001FB647 /* Main.storyboard */,
				EF45A08F2B0C831F001FB647 /* Assets.xcassets */,
				EF45A0912B0C831F001FB647 /* LaunchScreen.storyboard */,
				EF45A0942B0C831F001FB647 /* Info.plist */,
			);
			path = MicroservicesApplication;
			sourceTree = "<group>";
		};
		EF45A09C2B0C831F001FB647 /* MicroservicesApplicationTests */ = {
			isa = PBXGroup;
			children = (
				EF45A09D2B0C831F001FB647 /* MicroservicesApplicationTests.swift */,
			);
			path = MicroservicesApplicationTests;
			sourceTree = "<group>";
		};
		EF45A0A62B0C831F001FB647 /* MicroservicesApplicationUITests */ = {
			isa = PBXGroup;
			children = (
				EF45A0A72B0C831F001FB647 /* MicroservicesApplicationUITests.swift */,
				EF45A0A92B0C831F001FB647 /* MicroservicesApplicationUITestsLaunchTests.swift */,
			);
			path = MicroservicesApplicationUITests;
			sourceTree = "<group>";
		};
		EF45A0B92B0C8450001FB647 /* Services */ = {
			isa = PBXGroup;
			children = (
				EF45A0C02B0C956A001FB647 /* ServiceError.swift */,
				EF45A0BA2B0C845E001FB647 /* UserStroageProtocol.swift */,
				EF45A0BC2B0C88A7001FB647 /* TokenValidatorProtocol.swift */,
				EF45A0BE2B0C9346001FB647 /* APIEngine.swift */,
				EF45A0C22B0C9609001FB647 /* CameraListService.swift */,
			);
			path = Services;
			sourceTree = "<group>";
		};
		EF45A0C42B0C9B3E001FB647 /* Proxy */ = {
			isa = PBXGroup;
			children = (
				EF45A0C52B0C9B4D001FB647 /* ProxyContainer.swift */,
			);
			path = Proxy;
			sourceTree = "<group>";
		};
/* End PBXGroup section */

/* Begin PBXNativeTarget section */
		EF45A0822B0C831D001FB647 /* MicroservicesApplication */ = {
			isa = PBXNativeTarget;
			buildConfigurationList = EF45A0AD2B0C831F001FB647 /* Build configuration list for PBXNativeTarget "MicroservicesApplication" */;
			buildPhases = (
				EF45A07F2B0C831D001FB647 /* Sources */,
				EF45A0802B0C831D001FB647 /* Frameworks */,
				EF45A0812B0C831D001FB647 /* Resources */,
			);
			buildRules = (
			);
			dependencies = (
			);
			name = MicroservicesApplication;
			packageProductDependencies = (
				EF45A0B72B0C83B2001FB647 /* Factory */,
			);
			productName = MicroservicesApplication;
			productReference = EF45A0832B0C831D001FB647 /* MicroservicesApplication.app */;
			productType = "com.apple.product-type.application";
		};
		EF45A0982B0C831F001FB647 /* MicroservicesApplicationTests */ = {
			isa = PBXNativeTarget;
			buildConfigurationList = EF45A0B02B0C831F001FB647 /* Build configuration list for PBXNativeTarget "MicroservicesApplicationTests" */;
			buildPhases = (
				EF45A0952B0C831F001FB647 /* Sources */,
				EF45A0962B0C831F001FB647 /* Frameworks */,
				EF45A0972B0C831F001FB647 /* Resources */,
			);
			buildRules = (
			);
			dependencies = (
				EF45A09B2B0C831F001FB647 /* PBXTargetDependency */,
			);
			name = MicroservicesApplicationTests;
			productName = MicroservicesApplicationTests;
			productReference = EF45A0992B0C831F001FB647 /* MicroservicesApplicationTests.xctest */;
			productType = "com.apple.product-type.bundle.unit-test";
		};
		EF45A0A22B0C831F001FB647 /* MicroservicesApplicationUITests */ = {
			isa = PBXNativeTarget;
			buildConfigurationList = EF45A0B32B0C831F001FB647 /* Build configuration list for PBXNativeTarget "MicroservicesApplicationUITests" */;
			buildPhases = (
				EF45A09F2B0C831F001FB647 /* Sources */,
				EF45A0A02B0C831F001FB647 /* Frameworks */,
				EF45A0A12B0C831F001FB647 /* Resources */,
			);
			buildRules = (
			);
			dependencies = (
				EF45A0A52B0C831F001FB647 /* PBXTargetDependency */,
			);
			name = MicroservicesApplicationUITests;
			productName = MicroservicesApplicationUITests;
			productReference = EF45A0A32B0C831F001FB647 /* MicroservicesApplicationUITests.xctest */;
			productType = "com.apple.product-type.bundle.ui-testing";
		};
/* End PBXNativeTarget section */

/* Begin PBXProject section */
		EF45A07B2B0C831D001FB647 /* Project object */ = {
			isa = PBXProject;
			attributes = {
				BuildIndependentTargetsInParallel = 1;
				LastSwiftUpdateCheck = 1430;
				LastUpgradeCheck = 1430;
				TargetAttributes = {
					EF45A0822B0C831D001FB647 = {
						CreatedOnToolsVersion = 14.3.1;
					};
					EF45A0982B0C831F001FB647 = {
						CreatedOnToolsVersion = 14.3.1;
						TestTargetID = EF45A0822B0C831D001FB647;
					};
					EF45A0A22B0C831F001FB647 = {
						CreatedOnToolsVersion = 14.3.1;
						TestTargetID = EF45A0822B0C831D001FB647;
					};
				};
			};
			buildConfigurationList = EF45A07E2B0C831D001FB647 /* Build configuration list for PBXProject "MicroservicesApplication" */;
			compatibilityVersion = "Xcode 14.0";
			developmentRegion = en;
			hasScannedForEncodings = 0;
			knownRegions = (
				en,
				Base,
			);
			mainGroup = EF45A07A2B0C831D001FB647;
			packageReferences = (
				EF45A0B62B0C83B2001FB647 /* XCRemoteSwiftPackageReference "Factory" */,
			);
			productRefGroup = EF45A0842B0C831D001FB647 /* Products */;
			projectDirPath = "";
			projectRoot = "";
			targets = (
				EF45A0822B0C831D001FB647 /* MicroservicesApplication */,
				EF45A0982B0C831F001FB647 /* MicroservicesApplicationTests */,
				EF45A0A22B0C831F001FB647 /* MicroservicesApplicationUITests */,
			);
		};
/* End PBXProject section */

/* Begin PBXResourcesBuildPhase section */
		EF45A0812B0C831D001FB647 /* Resources */ = {
			isa = PBXResourcesBuildPhase;
			buildActionMask = 2147483647;
			files = (
				EF45A0932B0C831F001FB647 /* LaunchScreen.storyboard in Resources */,
				EF45A0902B0C831F001FB647 /* Assets.xcassets in Resources */,
				EF45A08E2B0C831D001FB647 /* Main.storyboard in Resources */,
			);
			runOnlyForDeploymentPostprocessing = 0;
		};
		EF45A0972B0C831F001FB647 /* Resources */ = {
			isa = PBXResourcesBuildPhase;
			buildActionMask = 2147483647;
			files = (
			);
			runOnlyForDeploymentPostprocessing = 0;
		};
		EF45A0A12B0C831F001FB647 /* Resources */ = {
			isa = PBXResourcesBuildPhase;
			buildActionMask = 2147483647;
			files = (
			);
			runOnlyForDeploymentPostprocessing = 0;
		};
/* End PBXResourcesBuildPhase section */

/* Begin PBXSourcesBuildPhase section */
		EF45A07F2B0C831D001FB647 /* Sources */ = {
			isa = PBXSourcesBuildPhase;
			buildActionMask = 2147483647;
			files = (
				EF45A0C32B0C9609001FB647 /* CameraListService.swift in Sources */,
				EF45A08B2B0C831D001FB647 /* ViewController.swift in Sources */,
				EF45A0BD2B0C88A7001FB647 /* TokenValidatorProtocol.swift in Sources */,
				EF45A0BB2B0C845E001FB647 /* UserStroageProtocol.swift in Sources */,
				EF45A0872B0C831D001FB647 /* AppDelegate.swift in Sources */,
				EF45A0892B0C831D001FB647 /* SceneDelegate.swift in Sources */,
				EF45A0C12B0C956A001FB647 /* ServiceError.swift in Sources */,
				EF45A0BF2B0C9346001FB647 /* APIEngine.swift in Sources */,
				EF45A0C62B0C9B4D001FB647 /* ProxyContainer.swift in Sources */,
			);
			runOnlyForDeploymentPostprocessing = 0;
		};
		EF45A0952B0C831F001FB647 /* Sources */ = {
			isa = PBXSourcesBuildPhase;
			buildActionMask = 2147483647;
			files = (
				EF45A09E2B0C831F001FB647 /* MicroservicesApplicationTests.swift in Sources */,
			);
			runOnlyForDeploymentPostprocessing = 0;
		};
		EF45A09F2B0C831F001FB647 /* Sources */ = {
			isa = PBXSourcesBuildPhase;
			buildActionMask = 2147483647;
			files = (
				EF45A0AA2B0C831F001FB647 /* MicroservicesApplicationUITestsLaunchTests.swift in Sources */,
				EF45A0A82B0C831F001FB647 /* MicroservicesApplicationUITests.swift in Sources */,
			);
			runOnlyForDeploymentPostprocessing = 0;
		};
/* End PBXSourcesBuildPhase section */

/* Begin PBXTargetDependency section */
		EF45A09B2B0C831F001FB647 /* PBXTargetDependency */ = {
			isa = PBXTargetDependency;
			target = EF45A0822B0C831D001FB647 /* MicroservicesApplication */;
			targetProxy = EF45A09A2B0C831F001FB647 /* PBXContainerItemProxy */;
		};
		EF45A0A52B0C831F001FB647 /* PBXTargetDependency */ = {
			isa = PBXTargetDependency;
			target = EF45A0822B0C831D001FB647 /* MicroservicesApplication */;
			targetProxy = EF45A0A42B0C831F001FB647 /* PBXContainerItemProxy */;
		};
/* End PBXTargetDependency section */

/* Begin PBXVariantGroup section */
		EF45A08C2B0C831D001FB647 /* Main.storyboard */ = {
			isa = PBXVariantGroup;
			children = (
				EF45A08D2B0C831D001FB647 /* Base */,
			);
			name = Main.storyboard;
			sourceTree = "<group>";
		};
		EF45A0912B0C831F001FB647 /* LaunchScreen.storyboard */ = {
			isa = PBXVariantGroup;
			children = (
				EF45A0922B0C831F001FB647 /* Base */,
			);
			name = LaunchScreen.storyboard;
			sourceTree = "<group>";
		};
/* End PBXVariantGroup section */

/* Begin XCBuildConfiguration section */
		EF45A0AB2B0C831F001FB647 /* Debug */ = {
			isa = XCBuildConfiguration;
			buildSettings = {
				ALWAYS_SEARCH_USER_PATHS = NO;
				CLANG_ANALYZER_NONNULL = YES;
				CLANG_ANALYZER_NUMBER_OBJECT_CONVERSION = YES_AGGRESSIVE;
				CLANG_CXX_LANGUAGE_STANDARD = "gnu++20";
				CLANG_ENABLE_MODULES = YES;
				CLANG_ENABLE_OBJC_ARC = YES;
				CLANG_ENABLE_OBJC_WEAK = YES;
				CLANG_WARN_BLOCK_CAPTURE_AUTORELEASING = YES;
				CLANG_WARN_BOOL_CONVERSION = YES;
				CLANG_WARN_COMMA = YES;
				CLANG_WARN_CONSTANT_CONVERSION = YES;
				CLANG_WARN_DEPRECATED_OBJC_IMPLEMENTATIONS = YES;
				CLANG_WARN_DIRECT_OBJC_ISA_USAGE = YES_ERROR;
				CLANG_WARN_DOCUMENTATION_COMMENTS = YES;
				CLANG_WARN_EMPTY_BODY = YES;
				CLANG_WARN_ENUM_CONVERSION = YES;
				CLANG_WARN_INFINITE_RECURSION = YES;
				CLANG_WARN_INT_CONVERSION = YES;
				CLANG_WARN_NON_LITERAL_NULL_CONVERSION = YES;
				CLANG_WARN_OBJC_IMPLICIT_RETAIN_SELF = YES;
				CLANG_WARN_OBJC_LITERAL_CONVERSION = YES;
				CLANG_WARN_OBJC_ROOT_CLASS = YES_ERROR;
				CLANG_WARN_QUOTED_INCLUDE_IN_FRAMEWORK_HEADER = YES;
				CLANG_WARN_RANGE_LOOP_ANALYSIS = YES;
				CLANG_WARN_STRICT_PROTOTYPES = YES;
				CLANG_WARN_SUSPICIOUS_MOVE = YES;
				CLANG_WARN_UNGUARDED_AVAILABILITY = YES_AGGRESSIVE;
				CLANG_WARN_UNREACHABLE_CODE = YES;
				CLANG_WARN__DUPLICATE_METHOD_MATCH = YES;
				COPY_PHASE_STRIP = NO;
				DEBUG_INFORMATION_FORMAT = dwarf;
				ENABLE_STRICT_OBJC_MSGSEND = YES;
				ENABLE_TESTABILITY = YES;
				GCC_C_LANGUAGE_STANDARD = gnu11;
				GCC_DYNAMIC_NO_PIC = NO;
				GCC_NO_COMMON_BLOCKS = YES;
				GCC_OPTIMIZATION_LEVEL = 0;
				GCC_PREPROCESSOR_DEFINITIONS = (
					"DEBUG=1",
					"$(inherited)",
				);
				GCC_WARN_64_TO_32_BIT_CONVERSION = YES;
				GCC_WARN_ABOUT_RETURN_TYPE = YES_ERROR;
				GCC_WARN_UNDECLARED_SELECTOR = YES;
				GCC_WARN_UNINITIALIZED_AUTOS = YES_AGGRESSIVE;
				GCC_WARN_UNUSED_FUNCTION = YES;
				GCC_WARN_UNUSED_VARIABLE = YES;
				IPHONEOS_DEPLOYMENT_TARGET = 16.4;
				MTL_ENABLE_DEBUG_INFO = INCLUDE_SOURCE;
				MTL_FAST_MATH = YES;
				ONLY_ACTIVE_ARCH = YES;
				SDKROOT = iphoneos;
				SWIFT_ACTIVE_COMPILATION_CONDITIONS = DEBUG;
				SWIFT_OPTIMIZATION_LEVEL = "-Onone";
			};
			name = Debug;
		};
		EF45A0AC2B0C831F001FB647 /* Release */ = {
			isa = XCBuildConfiguration;
			buildSettings = {
				ALWAYS_SEARCH_USER_PATHS = NO;
				CLANG_ANALYZER_NONNULL = YES;
				CLANG_ANALYZER_NUMBER_OBJECT_CONVERSION = YES_AGGRESSIVE;
				CLANG_CXX_LANGUAGE_STANDARD = "gnu++20";
				CLANG_ENABLE_MODULES = YES;
				CLANG_ENABLE_OBJC_ARC = YES;
				CLANG_ENABLE_OBJC_WEAK = YES;
				CLANG_WARN_BLOCK_CAPTURE_AUTORELEASING = YES;
				CLANG_WARN_BOOL_CONVERSION = YES;
				CLANG_WARN_COMMA = YES;
				CLANG_WARN_CONSTANT_CONVERSION = YES;
				CLANG_WARN_DEPRECATED_OBJC_IMPLEMENTATIONS = YES;
				CLANG_WARN_DIRECT_OBJC_ISA_USAGE = YES_ERROR;
				CLANG_WARN_DOCUMENTATION_COMMENTS = YES;
				CLANG_WARN_EMPTY_BODY = YES;
				CLANG_WARN_ENUM_CONVERSION = YES;
				CLANG_WARN_INFINITE_RECURSION = YES;
				CLANG_WARN_INT_CONVERSION = YES;
				CLANG_WARN_NON_LITERAL_NULL_CONVERSION = YES;
				CLANG_WARN_OBJC_IMPLICIT_RETAIN_SELF = YES;
				CLANG_WARN_OBJC_LITERAL_CONVERSION = YES;
				CLANG_WARN_OBJC_ROOT_CLASS = YES_ERROR;
				CLANG_WARN_QUOTED_INCLUDE_IN_FRAMEWORK_HEADER = YES;
				CLANG_WARN_RANGE_LOOP_ANALYSIS = YES;
				CLANG_WARN_STRICT_PROTOTYPES = YES;
				CLANG_WARN_SUSPICIOUS_MOVE = YES;
				CLANG_WARN_UNGUARDED_AVAILABILITY = YES_AGGRESSIVE;
				CLANG_WARN_UNREACHABLE_CODE = YES;
				CLANG_WARN__DUPLICATE_METHOD_MATCH = YES;
				COPY_PHASE_STRIP = NO;
				DEBUG_INFORMATION_FORMAT = "dwarf-with-dsym";
				ENABLE_NS_ASSERTIONS = NO;
				ENABLE_STRICT_OBJC_MSGSEND = YES;
				GCC_C_LANGUAGE_STANDARD = gnu11;
				GCC_NO_COMMON_BLOCKS = YES;
				GCC_WARN_64_TO_32_BIT_CONVERSION = YES;
				GCC_WARN_ABOUT_RETURN_TYPE = YES_ERROR;
				GCC_WARN_UNDECLARED_SELECTOR = YES;
				GCC_WARN_UNINITIALIZED_AUTOS = YES_AGGRESSIVE;
				GCC_WARN_UNUSED_FUNCTION = YES;
				GCC_WARN_UNUSED_VARIABLE = YES;
				IPHONEOS_DEPLOYMENT_TARGET = 16.4;
				MTL_ENABLE_DEBUG_INFO = NO;
				MTL_FAST_MATH = YES;
				SDKROOT = iphoneos;
				SWIFT_COMPILATION_MODE = wholemodule;
				SWIFT_OPTIMIZATION_LEVEL = "-O";
				VALIDATE_PRODUCT = YES;
			};
			name = Release;
		};
		EF45A0AE2B0C831F001FB647 /* Debug */ = {
			isa = XCBuildConfiguration;
			buildSettings = {
				ASSETCATALOG_COMPILER_APPICON_NAME = AppIcon;
				ASSETCATALOG_COMPILER_GLOBAL_ACCENT_COLOR_NAME = AccentColor;
				CODE_SIGN_STYLE = Automatic;
				CURRENT_PROJECT_VERSION = 1;
				GENERATE_INFOPLIST_FILE = YES;
				INFOPLIST_FILE = MicroservicesApplication/Info.plist;
				INFOPLIST_KEY_UIApplicationSupportsIndirectInputEvents = YES;
				INFOPLIST_KEY_UILaunchStoryboardName = LaunchScreen;
				INFOPLIST_KEY_UIMainStoryboardFile = Main;
				INFOPLIST_KEY_UISupportedInterfaceOrientations_iPad = "UIInterfaceOrientationPortrait UIInterfaceOrientationPortraitUpsideDown UIInterfaceOrientationLandscapeLeft UIInterfaceOrientationLandscapeRight";
				INFOPLIST_KEY_UISupportedInterfaceOrientations_iPhone = "UIInterfaceOrientationPortrait UIInterfaceOrientationLandscapeLeft UIInterfaceOrientationLandscapeRight";
				LD_RUNPATH_SEARCH_PATHS = (
					"$(inherited)",
					"@executable_path/Frameworks",
				);
				MARKETING_VERSION = 1.0;
				PRODUCT_BUNDLE_IDENTIFIER = dawdawdwadawdwad.MicroservicesApplication;
				PRODUCT_NAME = "$(TARGET_NAME)";
				SWIFT_EMIT_LOC_STRINGS = YES;
				SWIFT_VERSION = 5.0;
				TARGETED_DEVICE_FAMILY = "1,2";
			};
			name = Debug;
		};
		EF45A0AF2B0C831F001FB647 /* Release */ = {
			isa = XCBuildConfiguration;
			buildSettings = {
				ASSETCATALOG_COMPILER_APPICON_NAME = AppIcon;
				ASSETCATALOG_COMPILER_GLOBAL_ACCENT_COLOR_NAME = AccentColor;
				CODE_SIGN_STYLE = Automatic;
				CURRENT_PROJECT_VERSION = 1;
				GENERATE_INFOPLIST_FILE = YES;
				INFOPLIST_FILE = MicroservicesApplication/Info.plist;
				INFOPLIST_KEY_UIApplicationSupportsIndirectInputEvents = YES;
				INFOPLIST_KEY_UILaunchStoryboardName = LaunchScreen;
				INFOPLIST_KEY_UIMainStoryboardFile = Main;
				INFOPLIST_KEY_UISupportedInterfaceOrientations_iPad = "UIInterfaceOrientationPortrait UIInterfaceOrientationPortraitUpsideDown UIInterfaceOrientationLandscapeLeft UIInterfaceOrientationLandscapeRight";
				INFOPLIST_KEY_UISupportedInterfaceOrientations_iPhone = "UIInterfaceOrientationPortrait UIInterfaceOrientationLandscapeLeft UIInterfaceOrientationLandscapeRight";
				LD_RUNPATH_SEARCH_PATHS = (
					"$(inherited)",
					"@executable_path/Frameworks",
				);
				MARKETING_VERSION = 1.0;
				PRODUCT_BUNDLE_IDENTIFIER = dawdawdwadawdwad.MicroservicesApplication;
				PRODUCT_NAME = "$(TARGET_NAME)";
				SWIFT_EMIT_LOC_STRINGS = YES;
				SWIFT_VERSION = 5.0;
				TARGETED_DEVICE_FAMILY = "1,2";
			};
			name = Release;
		};
		EF45A0B12B0C831F001FB647 /* Debug */ = {
			isa = XCBuildConfiguration;
			buildSettings = {
				ALWAYS_EMBED_SWIFT_STANDARD_LIBRARIES = YES;
				BUNDLE_LOADER = "$(TEST_HOST)";
				CODE_SIGN_STYLE = Automatic;
				CURRENT_PROJECT_VERSION = 1;
				GENERATE_INFOPLIST_FILE = YES;
				IPHONEOS_DEPLOYMENT_TARGET = 16.4;
				MARKETING_VERSION = 1.0;
				PRODUCT_BUNDLE_IDENTIFIER = dawdawdwadawdwad.MicroservicesApplicationTests;
				PRODUCT_NAME = "$(TARGET_NAME)";
				SWIFT_EMIT_LOC_STRINGS = NO;
				SWIFT_VERSION = 5.0;
				TARGETED_DEVICE_FAMILY = "1,2";
				TEST_HOST = "$(BUILT_PRODUCTS_DIR)/MicroservicesApplication.app/$(BUNDLE_EXECUTABLE_FOLDER_PATH)/MicroservicesApplication";
			};
			name = Debug;
		};
		EF45A0B22B0C831F001FB647 /* Release */ = {
			isa = XCBuildConfiguration;
			buildSettings = {
				ALWAYS_EMBED_SWIFT_STANDARD_LIBRARIES = YES;
				BUNDLE_LOADER = "$(TEST_HOST)";
				CODE_SIGN_STYLE = Automatic;
				CURRENT_PROJECT_VERSION = 1;
				GENERATE_INFOPLIST_FILE = YES;
				IPHONEOS_DEPLOYMENT_TARGET = 16.4;
				MARKETING_VERSION = 1.0;
				PRODUCT_BUNDLE_IDENTIFIER = dawdawdwadawdwad.MicroservicesApplicationTests;
				PRODUCT_NAME = "$(TARGET_NAME)";
				SWIFT_EMIT_LOC_STRINGS = NO;
				SWIFT_VERSION = 5.0;
				TARGETED_DEVICE_FAMILY = "1,2";
				TEST_HOST = "$(BUILT_PRODUCTS_DIR)/MicroservicesApplication.app/$(BUNDLE_EXECUTABLE_FOLDER_PATH)/MicroservicesApplication";
			};
			name = Release;
		};
		EF45A0B42B0C831F001FB647 /* Debug */ = {
			isa = XCBuildConfiguration;
			buildSettings = {
				ALWAYS_EMBED_SWIFT_STANDARD_LIBRARIES = YES;
				CODE_SIGN_STYLE = Automatic;
				CURRENT_PROJECT_VERSION = 1;
				GENERATE_INFOPLIST_FILE = YES;
				MARKETING_VERSION = 1.0;
				PRODUCT_BUNDLE_IDENTIFIER = dawdawdwadawdwad.MicroservicesApplicationUITests;
				PRODUCT_NAME = "$(TARGET_NAME)";
				SWIFT_EMIT_LOC_STRINGS = NO;
				SWIFT_VERSION = 5.0;
				TARGETED_DEVICE_FAMILY = "1,2";
				TEST_TARGET_NAME = MicroservicesApplication;
			};
			name = Debug;
		};
		EF45A0B52B0C831F001FB647 /* Release */ = {
			isa = XCBuildConfiguration;
			buildSettings = {
				ALWAYS_EMBED_SWIFT_STANDARD_LIBRARIES = YES;
				CODE_SIGN_STYLE = Automatic;
				CURRENT_PROJECT_VERSION = 1;
				GENERATE_INFOPLIST_FILE = YES;
				MARKETING_VERSION = 1.0;
				PRODUCT_BUNDLE_IDENTIFIER = dawdawdwadawdwad.MicroservicesApplicationUITests;
				PRODUCT_NAME = "$(TARGET_NAME)";
				SWIFT_EMIT_LOC_STRINGS = NO;
				SWIFT_VERSION = 5.0;
				TARGETED_DEVICE_FAMILY = "1,2";
				TEST_TARGET_NAME = MicroservicesApplication;
			};
			name = Release;
		};
/* End XCBuildConfiguration section */

/* Begin XCConfigurationList section */
		EF45A07E2B0C831D001FB647 /* Build configuration list for PBXProject "MicroservicesApplication" */ = {
			isa = XCConfigurationList;
			buildConfigurations = (
				EF45A0AB2B0C831F001FB647 /* Debug */,
				EF45A0AC2B0C831F001FB647 /* Release */,
			);
			defaultConfigurationIsVisible = 0;
			defaultConfigurationName = Release;
		};
		EF45A0AD2B0C831F001FB647 /* Build configuration list for PBXNativeTarget "MicroservicesApplication" */ = {
			isa = XCConfigurationList;
			buildConfigurations = (
				EF45A0AE2B0C831F001FB647 /* Debug */,
				EF45A0AF2B0C831F001FB647 /* Release */,
			);
			defaultConfigurationIsVisible = 0;
			defaultConfigurationName = Release;
		};
		EF45A0B02B0C831F001FB647 /* Build configuration list for PBXNativeTarget "MicroservicesApplicationTests" */ = {
			isa = XCConfigurationList;
			buildConfigurations = (
				EF45A0B12B0C831F001FB647 /* Debug */,
				EF45A0B22B0C831F001FB647 /* Release */,
			);
			defaultConfigurationIsVisible = 0;
			defaultConfigurationName = Release;
		};
		EF45A0B32B0C831F001FB647 /* Build configuration list for PBXNativeTarget "MicroservicesApplicationUITests" */ = {
			isa = XCConfigurationList;
			buildConfigurations = (
				EF45A0B42B0C831F001FB647 /* Debug */,
				EF45A0B52B0C831F001FB647 /* Release */,
			);
			defaultConfigurationIsVisible = 0;
			defaultConfigurationName = Release;
		};
/* End XCConfigurationList section */

/* Begin XCRemoteSwiftPackageReference section */
		EF45A0B62B0C83B2001FB647 /* XCRemoteSwiftPackageReference "Factory" */ = {
			isa = XCRemoteSwiftPackageReference;
			repositoryURL = "https://github.com/hmlongco/Factory";
			requirement = {
				kind = exactVersion;
				version = 2.3.1;
			};
		};
/* End XCRemoteSwiftPackageReference section */

/* Begin XCSwiftPackageProductDependency section */
		EF45A0B72B0C83B2001FB647 /* Factory */ = {
			isa = XCSwiftPackageProductDependency;
			package = EF45A0B62B0C83B2001FB647 /* XCRemoteSwiftPackageReference "Factory" */;
			productName = Factory;
		};
/* End XCSwiftPackageProductDependency section */
	};
	rootObject = EF45A07B2B0C831D001FB647 /* Project object */;
}
